
Microsoft Visual Studio Solution File, Format Version 12.00
# Visual Studio Version 16
VisualStudioVersion = 16.0.29509.3
MinimumVisualStudioVersion = 10.0.40219.1
Project("{FAE04EC0-301F-11D3-BF4B-00C04F79EFBC}") = "Restaurant_Ratings_Final_Proj", "Restaurant_Ratings_Final_Proj.csproj", "{4DF7737E-6E9A-4068-8D93-AE8204B493DA}"
EndProject
Global
	GlobalSection(SolutionConfigurationPlatforms) = preSolution
		Debug|Any CPU = Debug|Any CPU
		Release|Any CPU = Release|Any CPU
	EndGlobalSection
	GlobalSection(ProjectConfigurationPlatforms) = postSolution
		{4DF7737E-6E9A-4068-8D93-AE8204B493DA}.Debug|Any CPU.ActiveCfg = Debug|Any CPU
		{4DF7737E-6E9A-4068-8D93-AE8204B493DA}.Debug|Any CPU.Build.0 = Debug|Any CPU
		{4DF7737E-6E9A-4068-8D93-AE8204B493DA}.Release|Any CPU.ActiveCfg = Release|Any CPU
		{4DF7737E-6E9A-4068-8D93-AE8204B493DA}.Release|Any CPU.Build.0 = Release|Any CPU
	EndGlobalSection
	GlobalSection(SolutionProperties) = preSolution
		HideSolutionNode = FALSE
	EndGlobalSection
	GlobalSection(ExtensibilityGlobals) = postSolution
		SolutionGuid = {88320964-5B69-42CD-9701-DFF25A99C431}
	EndGlobalSection
EndGlobal
